{
    "version": 3,
    "terraform_version": "0.11.13",
    "serial": 10,
    "lineage": "c1b25bbc-5c1e-e7a8-4abc-100ebc684cd3",
    "modules": [
        {
            "path": [
                "root"
            ],
            "outputs": {},
            "resources": {
                "aws_internet_gateway.gw": {
                    "type": "aws_internet_gateway",
                    "depends_on": [
                        "aws_vpc.main"
                    ],
                    "primary": {
                        "id": "igw-0fc48af813d9a66d9",
                        "attributes": {
                            "arn": "arn:aws:ec2:us-east-1:467546715307:internet-gateway/igw-0fc48af813d9a66d9",
                            "id": "igw-0fc48af813d9a66d9",
                            "owner_id": "467546715307",
                            "tags.%": "0",
                            "vpc_id": "vpc-007bd61c5ac937bf8"
                        },
                        "meta": {},
                        "tainted": false
                    },
                    "deposed": [],
                    "provider": "provider.aws"
                },
                "aws_route_table.r": {
                    "type": "aws_route_table",
                    "depends_on": [
                        "aws_internet_gateway.gw",
                        "aws_vpc.main"
                    ],
                    "primary": {
                        "id": "rtb-02017111216c934f2",
                        "attributes": {
                            "id": "rtb-02017111216c934f2",
                            "owner_id": "467546715307",
                            "propagating_vgws.#": "0",
                            "route.#": "1",
                            "route.2239180601.cidr_block": "0.0.0.0/0",
                            "route.2239180601.egress_only_gateway_id": "",
                            "route.2239180601.gateway_id": "igw-0fc48af813d9a66d9",
                            "route.2239180601.instance_id": "",
                            "route.2239180601.ipv6_cidr_block": "",
                            "route.2239180601.nat_gateway_id": "",
                            "route.2239180601.network_interface_id": "",
                            "route.2239180601.transit_gateway_id": "",
                            "route.2239180601.vpc_peering_connection_id": "",
                            "tags.%": "0",
                            "vpc_id": "vpc-007bd61c5ac937bf8"
                        },
                        "meta": {},
                        "tainted": false
                    },
                    "deposed": [],
                    "provider": "provider.aws"
                },
                "aws_route_table_association.a": {
                    "type": "aws_route_table_association",
                    "depends_on": [
                        "aws_route_table.r",
                        "aws_subnet.subnet101"
                    ],
                    "primary": {
                        "id": "rtbassoc-0f12408997ec795cf",
                        "attributes": {
                            "id": "rtbassoc-0f12408997ec795cf",
                            "route_table_id": "rtb-02017111216c934f2",
                            "subnet_id": "subnet-0b6c73b9307eb7c0e"
                        },
                        "meta": {},
                        "tainted": false
                    },
                    "deposed": [],
                    "provider": "provider.aws"
                },
                "aws_route_table_association.b": {
                    "type": "aws_route_table_association",
                    "depends_on": [
                        "aws_route_table.r",
                        "aws_subnet.subnet102"
                    ],
                    "primary": {
                        "id": "rtbassoc-0bee614a40a8b46bb",
                        "attributes": {
                            "id": "rtbassoc-0bee614a40a8b46bb",
                            "route_table_id": "rtb-02017111216c934f2",
                            "subnet_id": "subnet-0ad48ea536ef20648"
                        },
                        "meta": {},
                        "tainted": false
                    },
                    "deposed": [],
                    "provider": "provider.aws"
                },
                "aws_route_table_association.c": {
                    "type": "aws_route_table_association",
                    "depends_on": [
                        "aws_route_table.r",
                        "aws_subnet.subnet103"
                    ],
                    "primary": {
                        "id": "rtbassoc-02f634f9d2914bec3",
                        "attributes": {
                            "id": "rtbassoc-02f634f9d2914bec3",
                            "route_table_id": "rtb-02017111216c934f2",
                            "subnet_id": "subnet-01fcc6682398d728f"
                        },
                        "meta": {},
                        "tainted": false
                    },
                    "deposed": [],
                    "provider": "provider.aws"
                },
                "aws_security_group.vpc_task": {
                    "type": "aws_security_group",
                    "depends_on": [],
                    "primary": {
                        "id": "sg-048067343fdda7eb8",
                        "attributes": {
                            "arn": "arn:aws:ec2:us-east-1:467546715307:security-group/sg-048067343fdda7eb8",
                            "description": "Allow TLS inbound traffic",
                            "egress.#": "1",
                            "egress.482069346.cidr_blocks.#": "1",
                            "egress.482069346.cidr_blocks.0": "0.0.0.0/0",
                            "egress.482069346.description": "",
                            "egress.482069346.from_port": "0",
                            "egress.482069346.ipv6_cidr_blocks.#": "0",
                            "egress.482069346.prefix_list_ids.#": "0",
                            "egress.482069346.protocol": "-1",
                            "egress.482069346.security_groups.#": "0",
                            "egress.482069346.self": "false",
                            "egress.482069346.to_port": "0",
                            "id": "sg-048067343fdda7eb8",
                            "ingress.#": "1",
                            "ingress.1200322588.cidr_blocks.#": "1",
                            "ingress.1200322588.cidr_blocks.0": "0.0.0.0/0",
                            "ingress.1200322588.description": "Allow ssh",
                            "ingress.1200322588.from_port": "22",
                            "ingress.1200322588.ipv6_cidr_blocks.#": "0",
                            "ingress.1200322588.prefix_list_ids.#": "0",
                            "ingress.1200322588.protocol": "tcp",
                            "ingress.1200322588.security_groups.#": "0",
                            "ingress.1200322588.self": "false",
                            "ingress.1200322588.to_port": "22",
                            "name": "vpc_task",
                            "owner_id": "467546715307",
                            "revoke_rules_on_delete": "false",
                            "tags.%": "0",
                            "vpc_id": "vpc-9f5dbce2"
                        },
                        "meta": {
                            "e2bfb730-ecaa-11e6-8f88-34363bc7c4c0": {
                                "create": 600000000000,
                                "delete": 600000000000
                            },
                            "schema_version": "1"
                        },
                        "tainted": false
                    },
                    "deposed": [],
                    "provider": "provider.aws"
                },
                "aws_subnet.subnet1": {
                    "type": "aws_subnet",
                    "depends_on": [
                        "aws_vpc.main"
                    ],
                    "primary": {
                        "id": "subnet-047309d35183d75a5",
                        "attributes": {
                            "arn": "arn:aws:ec2:us-east-1:467546715307:subnet/subnet-047309d35183d75a5",
                            "assign_ipv6_address_on_creation": "false",
                            "availability_zone": "us-east-1e",
                            "availability_zone_id": "use1-az3",
                            "cidr_block": "10.0.1.0/24",
                            "id": "subnet-047309d35183d75a5",
                            "ipv6_cidr_block": "",
                            "ipv6_cidr_block_association_id": "",
                            "map_public_ip_on_launch": "false",
                            "outpost_arn": "",
                            "owner_id": "467546715307",
                            "tags.%": "0",
                            "vpc_id": "vpc-007bd61c5ac937bf8"
                        },
                        "meta": {
                            "e2bfb730-ecaa-11e6-8f88-34363bc7c4c0": {
                                "create": 600000000000,
                                "delete": 1200000000000
                            },
                            "schema_version": "1"
                        },
                        "tainted": false
                    },
                    "deposed": [],
                    "provider": "provider.aws"
                },
                "aws_subnet.subnet101": {
                    "type": "aws_subnet",
                    "depends_on": [
                        "aws_vpc.main"
                    ],
                    "primary": {
                        "id": "subnet-0b6c73b9307eb7c0e",
                        "attributes": {
                            "arn": "arn:aws:ec2:us-east-1:467546715307:subnet/subnet-0b6c73b9307eb7c0e",
                            "assign_ipv6_address_on_creation": "false",
                            "availability_zone": "us-east-1f",
                            "availability_zone_id": "use1-az5",
                            "cidr_block": "10.0.101.0/24",
                            "id": "subnet-0b6c73b9307eb7c0e",
                            "ipv6_cidr_block": "",
                            "ipv6_cidr_block_association_id": "",
                            "map_public_ip_on_launch": "true",
                            "outpost_arn": "",
                            "owner_id": "467546715307",
                            "tags.%": "0",
                            "vpc_id": "vpc-007bd61c5ac937bf8"
                        },
                        "meta": {
                            "e2bfb730-ecaa-11e6-8f88-34363bc7c4c0": {
                                "create": 600000000000,
                                "delete": 1200000000000
                            },
                            "schema_version": "1"
                        },
                        "tainted": false
                    },
                    "deposed": [],
                    "provider": "provider.aws"
                },
                "aws_subnet.subnet102": {
                    "type": "aws_subnet",
                    "depends_on": [
                        "aws_vpc.main"
                    ],
                    "primary": {
                        "id": "subnet-0ad48ea536ef20648",
                        "attributes": {
                            "arn": "arn:aws:ec2:us-east-1:467546715307:subnet/subnet-0ad48ea536ef20648",
                            "assign_ipv6_address_on_creation": "false",
                            "availability_zone": "us-east-1e",
                            "availability_zone_id": "use1-az3",
                            "cidr_block": "10.0.102.0/24",
                            "id": "subnet-0ad48ea536ef20648",
                            "ipv6_cidr_block": "",
                            "ipv6_cidr_block_association_id": "",
                            "map_public_ip_on_launch": "true",
                            "outpost_arn": "",
                            "owner_id": "467546715307",
                            "tags.%": "0",
                            "vpc_id": "vpc-007bd61c5ac937bf8"
                        },
                        "meta": {
                            "e2bfb730-ecaa-11e6-8f88-34363bc7c4c0": {
                                "create": 600000000000,
                                "delete": 1200000000000
                            },
                            "schema_version": "1"
                        },
                        "tainted": false
                    },
                    "deposed": [],
                    "provider": "provider.aws"
                },
                "aws_subnet.subnet103": {
                    "type": "aws_subnet",
                    "depends_on": [
                        "aws_vpc.main"
                    ],
                    "primary": {
                        "id": "subnet-01fcc6682398d728f",
                        "attributes": {
                            "arn": "arn:aws:ec2:us-east-1:467546715307:subnet/subnet-01fcc6682398d728f",
                            "assign_ipv6_address_on_creation": "false",
                            "availability_zone": "us-east-1e",
                            "availability_zone_id": "use1-az3",
                            "cidr_block": "10.0.103.0/24",
                            "id": "subnet-01fcc6682398d728f",
                            "ipv6_cidr_block": "",
                            "ipv6_cidr_block_association_id": "",
                            "map_public_ip_on_launch": "true",
                            "outpost_arn": "",
                            "owner_id": "467546715307",
                            "tags.%": "0",
                            "vpc_id": "vpc-007bd61c5ac937bf8"
                        },
                        "meta": {
                            "e2bfb730-ecaa-11e6-8f88-34363bc7c4c0": {
                                "create": 600000000000,
                                "delete": 1200000000000
                            },
                            "schema_version": "1"
                        },
                        "tainted": false
                    },
                    "deposed": [],
                    "provider": "provider.aws"
                },
                "aws_subnet.subnet2": {
                    "type": "aws_subnet",
                    "depends_on": [
                        "aws_vpc.main"
                    ],
                    "primary": {
                        "id": "subnet-00ff9047910c9fa8e",
                        "attributes": {
                            "arn": "arn:aws:ec2:us-east-1:467546715307:subnet/subnet-00ff9047910c9fa8e",
                            "assign_ipv6_address_on_creation": "false",
                            "availability_zone": "us-east-1f",
                            "availability_zone_id": "use1-az5",
                            "cidr_block": "10.0.2.0/24",
                            "id": "subnet-00ff9047910c9fa8e",
                            "ipv6_cidr_block": "",
                            "ipv6_cidr_block_association_id": "",
                            "map_public_ip_on_launch": "false",
                            "outpost_arn": "",
                            "owner_id": "467546715307",
                            "tags.%": "0",
                            "vpc_id": "vpc-007bd61c5ac937bf8"
                        },
                        "meta": {
                            "e2bfb730-ecaa-11e6-8f88-34363bc7c4c0": {
                                "create": 600000000000,
                                "delete": 1200000000000
                            },
                            "schema_version": "1"
                        },
                        "tainted": false
                    },
                    "deposed": [],
                    "provider": "provider.aws"
                },
                "aws_subnet.subnet3": {
                    "type": "aws_subnet",
                    "depends_on": [
                        "aws_vpc.main"
                    ],
                    "primary": {
                        "id": "subnet-0e515569fe0596132",
                        "attributes": {
                            "arn": "arn:aws:ec2:us-east-1:467546715307:subnet/subnet-0e515569fe0596132",
                            "assign_ipv6_address_on_creation": "false",
                            "availability_zone": "us-east-1a",
                            "availability_zone_id": "use1-az4",
                            "cidr_block": "10.0.3.0/24",
                            "id": "subnet-0e515569fe0596132",
                            "ipv6_cidr_block": "",
                            "ipv6_cidr_block_association_id": "",
                            "map_public_ip_on_launch": "false",
                            "outpost_arn": "",
                            "owner_id": "467546715307",
                            "tags.%": "0",
                            "vpc_id": "vpc-007bd61c5ac937bf8"
                        },
                        "meta": {
                            "e2bfb730-ecaa-11e6-8f88-34363bc7c4c0": {
                                "create": 600000000000,
                                "delete": 1200000000000
                            },
                            "schema_version": "1"
                        },
                        "tainted": false
                    },
                    "deposed": [],
                    "provider": "provider.aws"
                },
                "aws_vpc.main": {
                    "type": "aws_vpc",
                    "depends_on": [],
                    "primary": {
                        "id": "vpc-007bd61c5ac937bf8",
                        "attributes": {
                            "arn": "arn:aws:ec2:us-east-1:467546715307:vpc/vpc-007bd61c5ac937bf8",
                            "assign_generated_ipv6_cidr_block": "false",
                            "cidr_block": "10.0.0.0/16",
                            "default_network_acl_id": "acl-0b9ea8c6fab0e5b89",
                            "default_route_table_id": "rtb-0023d05053d1220d1",
                            "default_security_group_id": "sg-05d4ea0ac5c081900",
                            "dhcp_options_id": "dopt-132fad69",
                            "enable_classiclink": "false",
                            "enable_classiclink_dns_support": "false",
                            "enable_dns_hostnames": "false",
                            "enable_dns_support": "true",
                            "id": "vpc-007bd61c5ac937bf8",
                            "instance_tenancy": "default",
                            "ipv6_association_id": "",
                            "ipv6_cidr_block": "",
                            "main_route_table_id": "rtb-0023d05053d1220d1",
                            "owner_id": "467546715307",
                            "tags.%": "0"
                        },
                        "meta": {
                            "schema_version": "1"
                        },
                        "tainted": false
                    },
                    "deposed": [],
                    "provider": "provider.aws"
                }
            },
            "depends_on": []
        }
    ]
}
